
Microsoft Visual Studio Solution File, Format Version 12.00
# Visual Studio Version 16
VisualStudioVersion = 16.0.31205.134
MinimumVisualStudioVersion = 10.0.40219.1
Project("{FAE04EC0-301F-11D3-BF4B-00C04F79EFBC}") = "Teknik_Servis_Web", "Teknik_Servis_Web\Teknik_Servis_Web.csproj", "{A3A1D2B6-B68E-4D82-AE55-F343F56C4891}"
EndProject
Global
	GlobalSection(SolutionConfigurationPlatforms) = preSolution
		Debug|Any CPU = Debug|Any CPU
		Release|Any CPU = Release|Any CPU
	EndGlobalSection
	GlobalSection(ProjectConfigurationPlatforms) = postSolution
		{A3A1D2B6-B68E-4D82-AE55-F343F56C4891}.Debug|Any CPU.ActiveCfg = Debug|Any CPU
		{A3A1D2B6-B68E-4D82-AE55-F343F56C4891}.Debug|Any CPU.Build.0 = Debug|Any CPU
		{A3A1D2B6-B68E-4D82-AE55-F343F56C4891}.Release|Any CPU.ActiveCfg = Release|Any CPU
		{A3A1D2B6-B68E-4D82-AE55-F343F56C4891}.Release|Any CPU.Build.0 = Release|Any CPU
	EndGlobalSection
	GlobalSection(SolutionProperties) = preSolution
		HideSolutionNode = FALSE
	EndGlobalSection
	GlobalSection(ExtensibilityGlobals) = postSolution
		SolutionGuid = {5EC6E8A8-B59D-4847-ACA3-5C05B1D6DCD2}
	EndGlobalSection
EndGlobal
